
Microsoft Visual Studio Solution File, Format Version 12.00
# Visual Studio Version 17
VisualStudioVersion = 17.9.34616.47
MinimumVisualStudioVersion = 10.0.40219.1
Project("{9A19103F-16F7-4668-BE54-9A1E7A4F7556}") = "NetWave", "NetWave.csproj", "{666E18FA-89D1-4E0E-925D-4C99AA7A2967}"
EndProject
Project("{9A19103F-16F7-4668-BE54-9A1E7A4F7556}") = "Net8ConsoleApp", "..\Net8ConsoleApp\Net8ConsoleApp.csproj", "{0ADB9BEF-1C1C-4015-8517-17DBAC425811}"
EndProject
Global
	GlobalSection(SolutionConfigurationPlatforms) = preSolution
		Debug|Any CPU = Debug|Any CPU
		Release|Any CPU = Release|Any CPU
	EndGlobalSection
	GlobalSection(ProjectConfigurationPlatforms) = postSolution
		{666E18FA-89D1-4E0E-925D-4C99AA7A2967}.Debug|Any CPU.ActiveCfg = Debug|Any CPU
		{666E18FA-89D1-4E0E-925D-4C99AA7A2967}.Debug|Any CPU.Build.0 = Debug|Any CPU
		{666E18FA-89D1-4E0E-925D-4C99AA7A2967}.Release|Any CPU.ActiveCfg = Release|Any CPU
		{666E18FA-89D1-4E0E-925D-4C99AA7A2967}.Release|Any CPU.Build.0 = Release|Any CPU
		{0ADB9BEF-1C1C-4015-8517-17DBAC425811}.Debug|Any CPU.ActiveCfg = Debug|Any CPU
		{0ADB9BEF-1C1C-4015-8517-17DBAC425811}.Debug|Any CPU.Build.0 = Debug|Any CPU
		{0ADB9BEF-1C1C-4015-8517-17DBAC425811}.Release|Any CPU.ActiveCfg = Release|Any CPU
		{0ADB9BEF-1C1C-4015-8517-17DBAC425811}.Release|Any CPU.Build.0 = Release|Any CPU
	EndGlobalSection
	GlobalSection(SolutionProperties) = preSolution
		HideSolutionNode = FALSE
	EndGlobalSection
	GlobalSection(ExtensibilityGlobals) = postSolution
		SolutionGuid = {A4B2E161-9D8A-46AB-842C-E06675EFC5C1}
	EndGlobalSection
EndGlobal
